
Microsoft Visual Studio Solution File, Format Version 12.00
# Visual Studio 15
VisualStudioVersion = 15.0.28307.168
MinimumVisualStudioVersion = 10.0.40219.1
Project("{FAE04EC0-301F-11D3-BF4B-00C04F79EFBC}") = "PASOIB_ASYA", "PASOIB_ASYA\PASOIB_ASYA.csproj", "{5B7B175E-CF00-4A4C-BA70-06B3BFF8D72D}"
EndProject
Project("{FAE04EC0-301F-11D3-BF4B-00C04F79EFBC}") = "UnitTestProject", "UnitTestProject\UnitTestProject.csproj", "{A2D0C481-8DD0-4EF0-AD68-8A89C7B466C1}"
EndProject
Global
	GlobalSection(SolutionConfigurationPlatforms) = preSolution
		Debug|Any CPU = Debug|Any CPU
		Release|Any CPU = Release|Any CPU
	EndGlobalSection
	GlobalSection(ProjectConfigurationPlatforms) = postSolution
		{5B7B175E-CF00-4A4C-BA70-06B3BFF8D72D}.Debug|Any CPU.ActiveCfg = Debug|Any CPU
		{5B7B175E-CF00-4A4C-BA70-06B3BFF8D72D}.Debug|Any CPU.Build.0 = Debug|Any CPU
		{5B7B175E-CF00-4A4C-BA70-06B3BFF8D72D}.Release|Any CPU.ActiveCfg = Release|Any CPU
		{5B7B175E-CF00-4A4C-BA70-06B3BFF8D72D}.Release|Any CPU.Build.0 = Release|Any CPU
		{A2D0C481-8DD0-4EF0-AD68-8A89C7B466C1}.Debug|Any CPU.ActiveCfg = Debug|Any CPU
		{A2D0C481-8DD0-4EF0-AD68-8A89C7B466C1}.Debug|Any CPU.Build.0 = Debug|Any CPU
		{A2D0C481-8DD0-4EF0-AD68-8A89C7B466C1}.Release|Any CPU.ActiveCfg = Release|Any CPU
		{A2D0C481-8DD0-4EF0-AD68-8A89C7B466C1}.Release|Any CPU.Build.0 = Release|Any CPU
	EndGlobalSection
	GlobalSection(SolutionProperties) = preSolution
		HideSolutionNode = FALSE
	EndGlobalSection
	GlobalSection(ExtensibilityGlobals) = postSolution
		SolutionGuid = {11B9EDC6-92B7-45F5-8BAF-6AE7B53E7F94}
	EndGlobalSection
EndGlobal
